version: 1
fixtures:
  - id: synthetic
    root: fixtures/synthetic
    source_roots:
      - .
    solc:
      version: 0.8.36
      native: ../../target/lsp-bench/artifacts/solc/0.8.36/solc-static-linux
      native_url: https://binaries.soliditylang.org/linux-amd64/solc-linux-amd64-v0.8.36+commit.8a079791
      native_sha256: c8d35afdddc3cd2743ee88b8f25e0fecd16e2bdd5f2120f37e52cd9cc45ae0e6
      soljson: ../../target/lsp-bench/artifacts/solc/0.8.36/soljson.js
      soljson_url: https://binaries.soliditylang.org/wasm/soljson-v0.8.36+commit.8a079791.js
      soljson_sha256: 704877a592467d7de651ec5377ea6e3c676ae71d31f325401957d41bedfaa0d8
    foundry:
      version: 1.7.1
      native: ../../target/lsp-bench/artifacts/foundry/1.7.1/forge
      native_sha256: 4f77da0810de94325734855d0ad58d70640aa8a5b2a837608ddf8c26da34355c
      archive_url: https://github.com/foundry-rs/foundry/releases/download/v1.7.1/foundry_v1.7.1_linux_amd64.tar.gz
      archive_sha256: cf7e688ed0c4c48adffca788b496076e31060b67ac5afe1e43dbb5499c20c88b
    dependencies: {}
    anchors:
      main-contract:
        path: Main.sol
        needle: contract Main
        offset: 9
      call-double:
        path: Main.sol
        needle: Math.double(input)
        offset: 5
      call-member-position:
        path: Main.sol
        needle: return Math.
        offset: 12
      completion-double:
        path: Main.sol
        needle: return Math.
        offset: 12
      math-double:
        path: Math.sol
        needle: function double
        offset: 9
      math-triple:
        path: Math.sol
        needle: function triple
        offset: 9
    corpus: tracked synthetic Solidity project
    required: true

  - id: v4-core
    root: ../../target/lsp-bench/fixtures/v4-core
    revision: d153b048868a60c2403a3ef5b2301bb247884d46
    source:
      url: https://github.com/Uniswap/v4-core.git
      revision: d153b048868a60c2403a3ef5b2301bb247884d46
    source_roots:
      - src
    solc:
      version: 0.8.26
      native: ../../target/lsp-bench/artifacts/solc/0.8.26/solc-static-linux
      native_url: https://binaries.soliditylang.org/linux-amd64/solc-linux-amd64-v0.8.26+commit.8a97fa7a
      native_sha256: d5f23436f443edb85d8e76906d12f0a86ce0490e7663a9e608efeb7a93f149ef
      soljson: ../../target/lsp-bench/artifacts/solc/0.8.26/soljson.js
      soljson_url: https://binaries.soliditylang.org/wasm/soljson-v0.8.26+commit.8a97fa7a.js
      soljson_sha256: db85e5396f523cc1a53c4c4d742e204f6dcba1a05842623d73be946809e11cd6
    foundry:
      version: 1.7.1
      native: ../../target/lsp-bench/artifacts/foundry/1.7.1/forge
      native_sha256: 4f77da0810de94325734855d0ad58d70640aa8a5b2a837608ddf8c26da34355c
      archive_url: https://github.com/foundry-rs/foundry/releases/download/v1.7.1/foundry_v1.7.1_linux_amd64.tar.gz
      archive_sha256: cf7e688ed0c4c48adffca788b496076e31060b67ac5afe1e43dbb5499c20c88b
    dependencies:
      forge-std: https://github.com/foundry-rs/forge-std.git@1de6eecf821de7fe2c908cc48d3ab3dced20717f
      openzeppelin-contracts: https://github.com/OpenZeppelin/openzeppelin-contracts.git@dbb6104ce834628e473d2173bbc9d47f81a9eec3
      solmate: https://github.com/transmissions11/solmate.git@4b47a19038b798b4a33d9749d25e570443520647
    anchors:
      pool-manager:
        path: src/PoolManager.sol
        needle: contract PoolManager is IPoolManager
        offset: 9
      pool-manager-declaration:
        path: src/PoolManager.sol
        needle: contract PoolManager is IPoolManager
        offset: 9
      pool-manager-interface-use:
        path: src/PoolManager.sol
        needle: contract PoolManager is IPoolManager
        offset: 24
      pool-manager-interface:
        path: src/interfaces/IPoolManager.sol
        needle: interface IPoolManager is IProtocolFees
        offset: 10
      pool-manager-completion:
        path: src/PoolManager.sol
        needle: key.hooks.beforeInitialize
        offset: 10
    corpus: Uniswap v4-core
    required: true

  - id: aave-v3-origin
    root: ../../target/lsp-bench/fixtures/aave-v3-origin
    revision: cff15de6d1271b0c800fc001f4aea4c263e8a597
    source:
      url: https://github.com/aave-dao/aave-v3-origin.git
      revision: cff15de6d1271b0c800fc001f4aea4c263e8a597
    source_roots:
      - src
    solc:
      version: 0.8.27
      native: ../../target/lsp-bench/artifacts/solc/0.8.27/solc-static-linux
      native_url: https://binaries.soliditylang.org/linux-amd64/solc-linux-amd64-v0.8.27+commit.40a35a09
      native_sha256: b9977d500c17cba6f0032ca939ef98c4decf6363f19f386d05fb02f708115264
      soljson: ../../target/lsp-bench/artifacts/solc/0.8.27/soljson.js
      soljson_url: https://binaries.soliditylang.org/wasm/soljson-v0.8.27+commit.40a35a09.js
      soljson_sha256: d91c08277f801321af4e80958015aea18b41c01d2c6a38310a23014485b0e51c
    foundry:
      version: 1.7.1
      native: ../../target/lsp-bench/artifacts/foundry/1.7.1/forge
      native_sha256: 4f77da0810de94325734855d0ad58d70640aa8a5b2a837608ddf8c26da34355c
      archive_url: https://github.com/foundry-rs/foundry/releases/download/v1.7.1/foundry_v1.7.1_linux_amd64.tar.gz
      archive_sha256: cf7e688ed0c4c48adffca788b496076e31060b67ac5afe1e43dbb5499c20c88b
    dependencies:
      forge-std: https://github.com/foundry-rs/forge-std.git@999be66ec94c78090087f674bbf52ce1cca12b75
      solidity-utils: https://github.com/aave-dao/solidity-utils.git@fdc69f984036585d508889147734902dc0c64bf3
    anchors:
      aave-pool:
        path: src/contracts/protocol/pool/Pool.sol
        needle: abstract contract Pool is VersionedInitializable
        offset: 18
      aave-pool-declaration:
        path: src/contracts/protocol/pool/Pool.sol
        needle: abstract contract Pool is VersionedInitializable
        offset: 18
      aave-supply-import:
        path: src/contracts/protocol/pool/Pool.sol
        needle: "import {SupplyLogic} from '../libraries/logic/SupplyLogic.sol';"
        offset: 8
      aave-supply-library:
        path: src/contracts/protocol/libraries/logic/SupplyLogic.sol
        needle: library SupplyLogic
        offset: 8
      aave-completion:
        path: src/contracts/protocol/pool/Pool.sol
        needle: ADDRESSES_PROVIDER.getPoolConfigurator()
        offset: 19
    corpus: Aave v3.7.0 origin
    required: true

  - id: optimism-bedrock
    root: ../../target/lsp-bench/fixtures/optimism-bedrock
    revision: a7c88c8d636ceb9944ea0edaf7d033da258778ab
    source:
      url: https://github.com/ethereum-optimism/optimism.git
      revision: a7c88c8d636ceb9944ea0edaf7d033da258778ab
    source_roots:
      - packages/contracts-bedrock
    solc:
      version: 0.8.15
      native: ../../target/lsp-bench/artifacts/solc/0.8.15/solc-static-linux
      native_url: https://binaries.soliditylang.org/linux-amd64/solc-linux-amd64-v0.8.15+commit.e14f2714
      native_sha256: 5189155ce322d57fb75e8518d9b39139627edea4fb25b5f0ebed0391c52e74cc
      soljson: ../../target/lsp-bench/artifacts/solc/0.8.15/soljson.js
      soljson_url: https://binaries.soliditylang.org/wasm/soljson-v0.8.15+commit.e14f2714.js
      soljson_sha256: 71135e459d691767ce3453bab4564ef4a640dd50182da36517cbc1f96c1d4c7c
    foundry:
      version: 1.7.1
      native: ../../target/lsp-bench/artifacts/foundry/1.7.1/forge
      native_sha256: 4f77da0810de94325734855d0ad58d70640aa8a5b2a837608ddf8c26da34355c
      archive_url: https://github.com/foundry-rs/foundry/releases/download/v1.7.1/foundry_v1.7.1_linux_amd64.tar.gz
      archive_sha256: cf7e688ed0c4c48adffca788b496076e31060b67ac5afe1e43dbb5499c20c88b
    dependencies:
      forge-std: https://github.com/foundry-rs/forge-std.git@6853b9ec7df5dc0c213b05ae67785ad4f4baa0ea
      lib-keccak: https://github.com/ethereum-optimism/lib-keccak.git@3b1e7bbb4cc23e9228097cfebe42aedaf3b8f2b9
      openzeppelin-contracts: https://github.com/OpenZeppelin/openzeppelin-contracts.git@ecd2ca2cd7cac116f7a37d0e474bbb3d7d5e1c4d
      openzeppelin-contracts-upgradeable: https://github.com/OpenZeppelin/openzeppelin-contracts-upgradeable.git@0a2cb9a445c365870ed7a8ab461b12acf3e27d63
      safe-contracts: https://github.com/safe-global/safe-contracts.git@bf943f80fec5ac647159d26161446ac5d716a294
      solady: https://github.com/Vectorized/solady.git@502cc1ea718e6fa73b380635ee0868b0740595f0
      solmate: https://github.com/transmissions11/solmate.git@8f9b23f8838670afda0fd8983f2c41e8037ae6bc
      superchain-registry: https://github.com/ethereum-optimism/superchain-registry.git@cc07e96d91a1647cbce7eef6572098bece1f7fca
    anchors:
      optimism-portal:
        path: packages/contracts-bedrock/src/L1/OptimismPortal2.sol
        needle: contract OptimismPortal2 is Initializable
        offset: 9
      optimism-portal-declaration:
        path: packages/contracts-bedrock/src/L1/OptimismPortal2.sol
        needle: contract OptimismPortal2 is Initializable
        offset: 9
      optimism-safe-call-import:
        path: packages/contracts-bedrock/src/L1/OptimismPortal2.sol
        needle: 'import { SafeCall } from "src/libraries/SafeCall.sol";'
        offset: 9
      optimism-safe-call-library:
        path: packages/contracts-bedrock/src/libraries/SafeCall.sol
        needle: library SafeCall
        offset: 8
      optimism-completion:
        path: packages/contracts-bedrock/src/L1/OptimismPortal2.sol
        needle: systemConfig.paused()
        offset: 13
    corpus: Optimism contracts-bedrock op-contracts/v7.0.0
    required: true
